// !$*UTF8*$!
{
	archiveVersion = 1;
	classes = {
	};
	objectVersion = 56;
	objects = {

/* Begin PBXBuildFile section */
		27083A392BF8C0390086B780 /* LaunchWebRepository.swift in Sources */ = {isa = PBXBuildFile; fileRef = 27083A1F2BF8BDFE0086B780 /* LaunchWebRepository.swift */; };
		27083A3A2BF8C0390086B780 /* WebAPI.swift in Sources */ = {isa = PBXBuildFile; fileRef = 27083A2B2BF8BE0B0086B780 /* WebAPI.swift */; };
		27083A3B2BF8C0390086B780 /* LaunchesService.swift in Sources */ = {isa = PBXBuildFile; fileRef = 27083A222BF8BE040086B780 /* LaunchesService.swift */; };
		27083A3C2BF8C0390086B780 /* LaunchesListView.swift in Sources */ = {isa = PBXBuildFile; fileRef = 27083A262BF8BE080086B780 /* LaunchesListView.swift */; };
		27083A3D2BF8C0390086B780 /* LaunchesListRowView.swift in Sources */ = {isa = PBXBuildFile; fileRef = 27083A252BF8BE080086B780 /* LaunchesListRowView.swift */; };
		27083A3E2BF8C0390086B780 /* FavoriteLaunhesService.swift in Sources */ = {isa = PBXBuildFile; fileRef = 27083A212BF8BE040086B780 /* FavoriteLaunhesService.swift */; };
		27083A3F2BF8C0390086B780 /* LaunchDetailView.swift in Sources */ = {isa = PBXBuildFile; fileRef = 27083A242BF8BE080086B780 /* LaunchDetailView.swift */; };
		27083A402BF8C0390086B780 /* Publisher+Extension.swift in Sources */ = {isa = PBXBuildFile; fileRef = 27083A2A2BF8BE0B0086B780 /* Publisher+Extension.swift */; };
		27083A412BF8C0390086B780 /* ImageLoaderManager.swift in Sources */ = {isa = PBXBuildFile; fileRef = 27083A292BF8BE0B0086B780 /* ImageLoaderManager.swift */; };
		27083A422BF8C0390086B780 /* LaunchModel.swift in Sources */ = {isa = PBXBuildFile; fileRef = 27083A1D2BF8BDDF0086B780 /* LaunchModel.swift */; };
		27083A432BF8C0390086B780 /* LaunchesListViewModel.swift in Sources */ = {isa = PBXBuildFile; fileRef = 27083A272BF8BE080086B780 /* LaunchesListViewModel.swift */; };
		27083A442BF8C06B0086B780 /* MockLaunchesService.swift in Sources */ = {isa = PBXBuildFile; fileRef = 27083A2F2BF8BFD10086B780 /* MockLaunchesService.swift */; };
		27083A452BF8C06B0086B780 /* LaunchWebRepositoryTests.swift in Sources */ = {isa = PBXBuildFile; fileRef = 27083A372BF8BFD10086B780 /* LaunchWebRepositoryTests.swift */; };
		27083A462BF8C06B0086B780 /* FavoriteLaunchesServiceTests.swift in Sources */ = {isa = PBXBuildFile; fileRef = 27083A322BF8BFD10086B780 /* FavoriteLaunchesServiceTests.swift */; };
		27083A472BF8C06B0086B780 /* LaunchesListViewModels.swift in Sources */ = {isa = PBXBuildFile; fileRef = 27083A352BF8BFD10086B780 /* LaunchesListViewModels.swift */; };
		27083A482BF8C06B0086B780 /* MockDataModels.swift in Sources */ = {isa = PBXBuildFile; fileRef = 27083A2E2BF8BFD10086B780 /* MockDataModels.swift */; };
		27083A492BF8C06B0086B780 /* MockLaunchesWebRepository.swift in Sources */ = {isa = PBXBuildFile; fileRef = 27083A302BF8BFD10086B780 /* MockLaunchesWebRepository.swift */; };
		27083A4A2BF8C06B0086B780 /* LaunchesServiceTests.swift in Sources */ = {isa = PBXBuildFile; fileRef = 27083A332BF8BFD10086B780 /* LaunchesServiceTests.swift */; };
		276F70562BF8BCEE00B957C6 /* SpaceXLaunchesApp.swift in Sources */ = {isa = PBXBuildFile; fileRef = 276F70552BF8BCEE00B957C6 /* SpaceXLaunchesApp.swift */; };
		276F70582BF8BCEE00B957C6 /* ContentView.swift in Sources */ = {isa = PBXBuildFile; fileRef = 276F70572BF8BCEE00B957C6 /* ContentView.swift */; };
		276F705A2BF8BCEF00B957C6 /* Assets.xcassets in Resources */ = {isa = PBXBuildFile; fileRef = 276F70592BF8BCEF00B957C6 /* Assets.xcassets */; };
		276F705E2BF8BCEF00B957C6 /* Preview Assets.xcassets in Resources */ = {isa = PBXBuildFile; fileRef = 276F705D2BF8BCEF00B957C6 /* Preview Assets.xcassets */; };
		276F70682BF8BCEF00B957C6 /* SpaceXLaunchesTests.swift in Sources */ = {isa = PBXBuildFile; fileRef = 276F70672BF8BCEF00B957C6 /* SpaceXLaunchesTests.swift */; };
		276F70722BF8BCEF00B957C6 /* SpaceXLaunchesUITests.swift in Sources */ = {isa = PBXBuildFile; fileRef = 276F70712BF8BCEF00B957C6 /* SpaceXLaunchesUITests.swift */; };
		276F70742BF8BCEF00B957C6 /* SpaceXLaunchesUITestsLaunchTests.swift in Sources */ = {isa = PBXBuildFile; fileRef = 276F70732BF8BCEF00B957C6 /* SpaceXLaunchesUITestsLaunchTests.swift */; };
/* End PBXBuildFile section */

/* Begin PBXContainerItemProxy section */
		276F70642BF8BCEF00B957C6 /* PBXContainerItemProxy */ = {
			isa = PBXContainerItemProxy;
			containerPortal = 276F704A2BF8BCEE00B957C6 /* Project object */;
			proxyType = 1;
			remoteGlobalIDString = 276F70512BF8BCEE00B957C6;
			remoteInfo = SpaceXLaunches;
		};
		276F706E2BF8BCEF00B957C6 /* PBXContainerItemProxy */ = {
			isa = PBXContainerItemProxy;
			containerPortal = 276F704A2BF8BCEE00B957C6 /* Project object */;
			proxyType = 1;
			remoteGlobalIDString = 276F70512BF8BCEE00B957C6;
			remoteInfo = SpaceXLaunches;
		};
/* End PBXContainerItemProxy section */

/* Begin PBXFileReference section */
		27083A1D2BF8BDDF0086B780 /* LaunchModel.swift */ = {isa = PBXFileReference; lastKnownFileType = sourcecode.swift; path = LaunchModel.swift; sourceTree = "<group>"; };
		27083A1F2BF8BDFE0086B780 /* LaunchWebRepository.swift */ = {isa = PBXFileReference; lastKnownFileType = sourcecode.swift; path = LaunchWebRepository.swift; sourceTree = "<group>"; };
		27083A212BF8BE040086B780 /* FavoriteLaunhesService.swift */ = {isa = PBXFileReference; lastKnownFileType = sourcecode.swift; path = FavoriteLaunhesService.swift; sourceTree = "<group>"; };
		27083A222BF8BE040086B780 /* LaunchesService.swift */ = {isa = PBXFileReference; lastKnownFileType = sourcecode.swift; path = LaunchesService.swift; sourceTree = "<group>"; };
		27083A242BF8BE080086B780 /* LaunchDetailView.swift */ = {isa = PBXFileReference; lastKnownFileType = sourcecode.swift; path = LaunchDetailView.swift; sourceTree = "<group>"; };
		27083A252BF8BE080086B780 /* LaunchesListRowView.swift */ = {isa = PBXFileReference; lastKnownFileType = sourcecode.swift; path = LaunchesListRowView.swift; sourceTree = "<group>"; };
		27083A262BF8BE080086B780 /* LaunchesListView.swift */ = {isa = PBXFileReference; lastKnownFileType = sourcecode.swift; path = LaunchesListView.swift; sourceTree = "<group>"; };
		27083A272BF8BE080086B780 /* LaunchesListViewModel.swift */ = {isa = PBXFileReference; lastKnownFileType = sourcecode.swift; path = LaunchesListViewModel.swift; sourceTree = "<group>"; };
		27083A292BF8BE0B0086B780 /* ImageLoaderManager.swift */ = {isa = PBXFileReference; lastKnownFileType = sourcecode.swift; path = ImageLoaderManager.swift; sourceTree = "<group>"; };
		27083A2A2BF8BE0B0086B780 /* Publisher+Extension.swift */ = {isa = PBXFileReference; lastKnownFileType = sourcecode.swift; path = "Publisher+Extension.swift"; sourceTree = "<group>"; };
		27083A2B2BF8BE0B0086B780 /* WebAPI.swift */ = {isa = PBXFileReference; lastKnownFileType = sourcecode.swift; path = WebAPI.swift; sourceTree = "<group>"; };
		27083A2D2BF8BEF20086B780 /* SpaceXLaunches.xctestplan */ = {isa = PBXFileReference; lastKnownFileType = text; path = SpaceXLaunches.xctestplan; sourceTree = "<group>"; };
		27083A2E2BF8BFD10086B780 /* MockDataModels.swift */ = {isa = PBXFileReference; lastKnownFileType = sourcecode.swift; path = MockDataModels.swift; sourceTree = "<group>"; };
		27083A2F2BF8BFD10086B780 /* MockLaunchesService.swift */ = {isa = PBXFileReference; lastKnownFileType = sourcecode.swift; path = MockLaunchesService.swift; sourceTree = "<group>"; };
		27083A302BF8BFD10086B780 /* MockLaunchesWebRepository.swift */ = {isa = PBXFileReference; lastKnownFileType = sourcecode.swift; path = MockLaunchesWebRepository.swift; sourceTree = "<group>"; };
		27083A322BF8BFD10086B780 /* FavoriteLaunchesServiceTests.swift */ = {isa = PBXFileReference; lastKnownFileType = sourcecode.swift; path = FavoriteLaunchesServiceTests.swift; sourceTree = "<group>"; };
		27083A332BF8BFD10086B780 /* LaunchesServiceTests.swift */ = {isa = PBXFileReference; lastKnownFileType = sourcecode.swift; path = LaunchesServiceTests.swift; sourceTree = "<group>"; };
		27083A352BF8BFD10086B780 /* LaunchesListViewModels.swift */ = {isa = PBXFileReference; lastKnownFileType = sourcecode.swift; path = LaunchesListViewModels.swift; sourceTree = "<group>"; };
		27083A372BF8BFD10086B780 /* LaunchWebRepositoryTests.swift */ = {isa = PBXFileReference; lastKnownFileType = sourcecode.swift; path = LaunchWebRepositoryTests.swift; sourceTree = "<group>"; };
		276F70522BF8BCEE00B957C6 /* SpaceXLaunches.app */ = {isa = PBXFileReference; explicitFileType = wrapper.application; includeInIndex = 0; path = SpaceXLaunches.app; sourceTree = BUILT_PRODUCTS_DIR; };
		276F70552BF8BCEE00B957C6 /* SpaceXLaunchesApp.swift */ = {isa = PBXFileReference; lastKnownFileType = sourcecode.swift; path = SpaceXLaunchesApp.swift; sourceTree = "<group>"; };
		276F70572BF8BCEE00B957C6 /* ContentView.swift */ = {isa = PBXFileReference; lastKnownFileType = sourcecode.swift; path = ContentView.swift; sourceTree = "<group>"; };
		276F70592BF8BCEF00B957C6 /* Assets.xcassets */ = {isa = PBXFileReference; lastKnownFileType = folder.assetcatalog; path = Assets.xcassets; sourceTree = "<group>"; };
		276F705B2BF8BCEF00B957C6 /* SpaceXLaunches.entitlements */ = {isa = PBXFileReference; lastKnownFileType = text.plist.entitlements; path = SpaceXLaunches.entitlements; sourceTree = "<group>"; };
		276F705D2BF8BCEF00B957C6 /* Preview Assets.xcassets */ = {isa = PBXFileReference; lastKnownFileType = folder.assetcatalog; path = "Preview Assets.xcassets"; sourceTree = "<group>"; };
		276F70632BF8BCEF00B957C6 /* SpaceXLaunchesTests.xctest */ = {isa = PBXFileReference; explicitFileType = wrapper.cfbundle; includeInIndex = 0; path = SpaceXLaunchesTests.xctest; sourceTree = BUILT_PRODUCTS_DIR; };
		276F70672BF8BCEF00B957C6 /* SpaceXLaunchesTests.swift */ = {isa = PBXFileReference; lastKnownFileType = sourcecode.swift; path = SpaceXLaunchesTests.swift; sourceTree = "<group>"; };
		276F706D2BF8BCEF00B957C6 /* SpaceXLaunchesUITests.xctest */ = {isa = PBXFileReference; explicitFileType = wrapper.cfbundle; includeInIndex = 0; path = SpaceXLaunchesUITests.xctest; sourceTree = BUILT_PRODUCTS_DIR; };
		276F70712BF8BCEF00B957C6 /* SpaceXLaunchesUITests.swift */ = {isa = PBXFileReference; lastKnownFileType = sourcecode.swift; path = SpaceXLaunchesUITests.swift; sourceTree = "<group>"; };
		276F70732BF8BCEF00B957C6 /* SpaceXLaunchesUITestsLaunchTests.swift */ = {isa = PBXFileReference; lastKnownFileType = sourcecode.swift; path = SpaceXLaunchesUITestsLaunchTests.swift; sourceTree = "<group>"; };
/* End PBXFileReference section */

/* Begin PBXFrameworksBuildPhase section */
		276F704F2BF8BCEE00B957C6 /* Frameworks */ = {
			isa = PBXFrameworksBuildPhase;
			buildActionMask = 2147483647;
			files = (
			);
			runOnlyForDeploymentPostprocessing = 0;
		};
		276F70602BF8BCEF00B957C6 /* Frameworks */ = {
			isa = PBXFrameworksBuildPhase;
			buildActionMask = 2147483647;
			files = (
			);
			runOnlyForDeploymentPostprocessing = 0;
		};
		276F706A2BF8BCEF00B957C6 /* Frameworks */ = {
			isa = PBXFrameworksBuildPhase;
			buildActionMask = 2147483647;
			files = (
			);
			runOnlyForDeploymentPostprocessing = 0;
		};
/* End PBXFrameworksBuildPhase section */

/* Begin PBXGroup section */
		27083A1E2BF8BDDF0086B780 /* Models */ = {
			isa = PBXGroup;
			children = (
				27083A1D2BF8BDDF0086B780 /* LaunchModel.swift */,
			);
			path = Models;
			sourceTree = "<group>";
		};
		27083A202BF8BDFE0086B780 /* Repositories */ = {
			isa = PBXGroup;
			children = (
				27083A1F2BF8BDFE0086B780 /* LaunchWebRepository.swift */,
			);
			path = Repositories;
			sourceTree = "<group>";
		};
		27083A232BF8BE040086B780 /* Services */ = {
			isa = PBXGroup;
			children = (
				27083A212BF8BE040086B780 /* FavoriteLaunhesService.swift */,
				27083A222BF8BE040086B780 /* LaunchesService.swift */,
			);
			path = Services;
			sourceTree = "<group>";
		};
		27083A282BF8BE080086B780 /* UI */ = {
			isa = PBXGroup;
			children = (
				27083A242BF8BE080086B780 /* LaunchDetailView.swift */,
				27083A252BF8BE080086B780 /* LaunchesListRowView.swift */,
				27083A262BF8BE080086B780 /* LaunchesListView.swift */,
				27083A272BF8BE080086B780 /* LaunchesListViewModel.swift */,
			);
			path = UI;
			sourceTree = "<group>";
		};
		27083A2C2BF8BE0B0086B780 /* Utilities */ = {
			isa = PBXGroup;
			children = (
				27083A292BF8BE0B0086B780 /* ImageLoaderManager.swift */,
				27083A2A2BF8BE0B0086B780 /* Publisher+Extension.swift */,
				27083A2B2BF8BE0B0086B780 /* WebAPI.swift */,
			);
			path = Utilities;
			sourceTree = "<group>";
		};
		27083A312BF8BFD10086B780 /* Mock */ = {
			isa = PBXGroup;
			children = (
				27083A2E2BF8BFD10086B780 /* MockDataModels.swift */,
				27083A2F2BF8BFD10086B780 /* MockLaunchesService.swift */,
				27083A302BF8BFD10086B780 /* MockLaunchesWebRepository.swift */,
			);
			path = Mock;
			sourceTree = "<group>";
		};
		27083A342BF8BFD10086B780 /* Services */ = {
			isa = PBXGroup;
			children = (
				27083A322BF8BFD10086B780 /* FavoriteLaunchesServiceTests.swift */,
				27083A332BF8BFD10086B780 /* LaunchesServiceTests.swift */,
			);
			path = Services;
			sourceTree = "<group>";
		};
		27083A362BF8BFD10086B780 /* ViewModels */ = {
			isa = PBXGroup;
			children = (
				27083A352BF8BFD10086B780 /* LaunchesListViewModels.swift */,
			);
			path = ViewModels;
			sourceTree = "<group>";
		};
		27083A382BF8BFD10086B780 /* Repositories */ = {
			isa = PBXGroup;
			children = (
				27083A372BF8BFD10086B780 /* LaunchWebRepositoryTests.swift */,
			);
			path = Repositories;
			sourceTree = "<group>";
		};
		276F70492BF8BCEE00B957C6 = {
			isa = PBXGroup;
			children = (
				27083A2D2BF8BEF20086B780 /* SpaceXLaunches.xctestplan */,
				276F70542BF8BCEE00B957C6 /* SpaceXLaunches */,
				276F70662BF8BCEF00B957C6 /* SpaceXLaunchesTests */,
				276F70702BF8BCEF00B957C6 /* SpaceXLaunchesUITests */,
				276F70532BF8BCEE00B957C6 /* Products */,
			);
			sourceTree = "<group>";
		};
		276F70532BF8BCEE00B957C6 /* Products */ = {
			isa = PBXGroup;
			children = (
				276F70522BF8BCEE00B957C6 /* SpaceXLaunches.app */,
				276F70632BF8BCEF00B957C6 /* SpaceXLaunchesTests.xctest */,
				276F706D2BF8BCEF00B957C6 /* SpaceXLaunchesUITests.xctest */,
			);
			name = Products;
			sourceTree = "<group>";
		};
		276F70542BF8BCEE00B957C6 /* SpaceXLaunches */ = {
			isa = PBXGroup;
			children = (
				276F70592BF8BCEF00B957C6 /* Assets.xcassets */,
				276F705B2BF8BCEF00B957C6 /* SpaceXLaunches.entitlements */,
				276F70572BF8BCEE00B957C6 /* ContentView.swift */,
				276F70552BF8BCEE00B957C6 /* SpaceXLaunchesApp.swift */,
				27083A1E2BF8BDDF0086B780 /* Models */,
				276F705C2BF8BCEF00B957C6 /* Preview Content */,
				27083A202BF8BDFE0086B780 /* Repositories */,
				27083A232BF8BE040086B780 /* Services */,
				27083A282BF8BE080086B780 /* UI */,
				27083A2C2BF8BE0B0086B780 /* Utilities */,
			);
			path = SpaceXLaunches;
			sourceTree = "<group>";
		};
		276F705C2BF8BCEF00B957C6 /* Preview Content */ = {
			isa = PBXGroup;
			children = (
				276F705D2BF8BCEF00B957C6 /* Preview Assets.xcassets */,
			);
			path = "Preview Content";
			sourceTree = "<group>";
		};
		276F70662BF8BCEF00B957C6 /* SpaceXLaunchesTests */ = {
			isa = PBXGroup;
			children = (
				276F70672BF8BCEF00B957C6 /* SpaceXLaunchesTests.swift */,
				27083A312BF8BFD10086B780 /* Mock */,
				27083A382BF8BFD10086B780 /* Repositories */,
				27083A342BF8BFD10086B780 /* Services */,
				27083A362BF8BFD10086B780 /* ViewModels */,
			);
			path = SpaceXLaunchesTests;
			sourceTree = "<group>";
		};
		276F70702BF8BCEF00B957C6 /* SpaceXLaunchesUITests */ = {
			isa = PBXGroup;
			children = (
				276F70712BF8BCEF00B957C6 /* SpaceXLaunchesUITests.swift */,
				276F70732BF8BCEF00B957C6 /* SpaceXLaunchesUITestsLaunchTests.swift */,
			);
			path = SpaceXLaunchesUITests;
			sourceTree = "<group>";
		};
/* End PBXGroup section */

/* Begin PBXNativeTarget section */
		276F70512BF8BCEE00B957C6 /* SpaceXLaunches */ = {
			isa = PBXNativeTarget;
			buildConfigurationList = 276F70772BF8BCEF00B957C6 /* Build configuration list for PBXNativeTarget "SpaceXLaunches" */;
			buildPhases = (
				276F704E2BF8BCEE00B957C6 /* Sources */,
				276F704F2BF8BCEE00B957C6 /* Frameworks */,
				276F70502BF8BCEE00B957C6 /* Resources */,
			);
			buildRules = (
			);
			dependencies = (
			);
			name = SpaceXLaunches;
			productName = SpaceXLaunches;
			productReference = 276F70522BF8BCEE00B957C6 /* SpaceXLaunches.app */;
			productType = "com.apple.product-type.application";
		};
		276F70622BF8BCEF00B957C6 /* SpaceXLaunchesTests */ = {
			isa = PBXNativeTarget;
			buildConfigurationList = 276F707A2BF8BCEF00B957C6 /* Build configuration list for PBXNativeTarget "SpaceXLaunchesTests" */;
			buildPhases = (
				276F705F2BF8BCEF00B957C6 /* Sources */,
				276F70602BF8BCEF00B957C6 /* Frameworks */,
				276F70612BF8BCEF00B957C6 /* Resources */,
			);
			buildRules = (
			);
			dependencies = (
				276F70652BF8BCEF00B957C6 /* PBXTargetDependency */,
			);
			name = SpaceXLaunchesTests;
			productName = SpaceXLaunchesTests;
			productReference = 276F70632BF8BCEF00B957C6 /* SpaceXLaunchesTests.xctest */;
			productType = "com.apple.product-type.bundle.unit-test";
		};
		276F706C2BF8BCEF00B957C6 /* SpaceXLaunchesUITests */ = {
			isa = PBXNativeTarget;
			buildConfigurationList = 276F707D2BF8BCEF00B957C6 /* Build configuration list for PBXNativeTarget "SpaceXLaunchesUITests" */;
			buildPhases = (
				276F70692BF8BCEF00B957C6 /* Sources */,
				276F706A2BF8BCEF00B957C6 /* Frameworks */,
				276F706B2BF8BCEF00B957C6 /* Resources */,
			);
			buildRules = (
			);
			dependencies = (
				276F706F2BF8BCEF00B957C6 /* PBXTargetDependency */,
			);
			name = SpaceXLaunchesUITests;
			productName = SpaceXLaunchesUITests;
			productReference = 276F706D2BF8BCEF00B957C6 /* SpaceXLaunchesUITests.xctest */;
			productType = "com.apple.product-type.bundle.ui-testing";
		};
/* End PBXNativeTarget section */

/* Begin PBXProject section */
		276F704A2BF8BCEE00B957C6 /* Project object */ = {
			isa = PBXProject;
			attributes = {
				BuildIndependentTargetsInParallel = 1;
				LastSwiftUpdateCheck = 1530;
				LastUpgradeCheck = 1530;
				TargetAttributes = {
					276F70512BF8BCEE00B957C6 = {
						CreatedOnToolsVersion = 15.3;
					};
					276F70622BF8BCEF00B957C6 = {
						CreatedOnToolsVersion = 15.3;
						TestTargetID = 276F70512BF8BCEE00B957C6;
					};
					276F706C2BF8BCEF00B957C6 = {
						CreatedOnToolsVersion = 15.3;
						TestTargetID = 276F70512BF8BCEE00B957C6;
					};
				};
			};
			buildConfigurationList = 276F704D2BF8BCEE00B957C6 /* Build configuration list for PBXProject "SpaceXLaunches" */;
			compatibilityVersion = "Xcode 14.0";
			developmentRegion = en;
			hasScannedForEncodings = 0;
			knownRegions = (
				en,
				Base,
			);
			mainGroup = 276F70492BF8BCEE00B957C6;
			productRefGroup = 276F70532BF8BCEE00B957C6 /* Products */;
			projectDirPath = "";
			projectRoot = "";
			targets = (
				276F70512BF8BCEE00B957C6 /* SpaceXLaunches */,
				276F70622BF8BCEF00B957C6 /* SpaceXLaunchesTests */,
				276F706C2BF8BCEF00B957C6 /* SpaceXLaunchesUITests */,
			);
		};
/* End PBXProject section */

/* Begin PBXResourcesBuildPhase section */
		276F70502BF8BCEE00B957C6 /* Resources */ = {
			isa = PBXResourcesBuildPhase;
			buildActionMask = 2147483647;
			files = (
				276F705E2BF8BCEF00B957C6 /* Preview Assets.xcassets in Resources */,
				276F705A2BF8BCEF00B957C6 /* Assets.xcassets in Resources */,
			);
			runOnlyForDeploymentPostprocessing = 0;
		};
		276F70612BF8BCEF00B957C6 /* Resources */ = {
			isa = PBXResourcesBuildPhase;
			buildActionMask = 2147483647;
			files = (
			);
			runOnlyForDeploymentPostprocessing = 0;
		};
		276F706B2BF8BCEF00B957C6 /* Resources */ = {
			isa = PBXResourcesBuildPhase;
			buildActionMask = 2147483647;
			files = (
			);
			runOnlyForDeploymentPostprocessing = 0;
		};
/* End PBXResourcesBuildPhase section */

/* Begin PBXSourcesBuildPhase section */
		276F704E2BF8BCEE00B957C6 /* Sources */ = {
			isa = PBXSourcesBuildPhase;
			buildActionMask = 2147483647;
			files = (
				276F70582BF8BCEE00B957C6 /* ContentView.swift in Sources */,
				27083A392BF8C0390086B780 /* LaunchWebRepository.swift in Sources */,
				27083A3A2BF8C0390086B780 /* WebAPI.swift in Sources */,
				27083A3B2BF8C0390086B780 /* LaunchesService.swift in Sources */,
				27083A3C2BF8C0390086B780 /* LaunchesListView.swift in Sources */,
				27083A3D2BF8C0390086B780 /* LaunchesListRowView.swift in Sources */,
				27083A3E2BF8C0390086B780 /* FavoriteLaunhesService.swift in Sources */,
				27083A3F2BF8C0390086B780 /* LaunchDetailView.swift in Sources */,
				27083A402BF8C0390086B780 /* Publisher+Extension.swift in Sources */,
				27083A412BF8C0390086B780 /* ImageLoaderManager.swift in Sources */,
				27083A422BF8C0390086B780 /* LaunchModel.swift in Sources */,
				27083A432BF8C0390086B780 /* LaunchesListViewModel.swift in Sources */,
				276F70562BF8BCEE00B957C6 /* SpaceXLaunchesApp.swift in Sources */,
			);
			runOnlyForDeploymentPostprocessing = 0;
		};
		276F705F2BF8BCEF00B957C6 /* Sources */ = {
			isa = PBXSourcesBuildPhase;
			buildActionMask = 2147483647;
			files = (
				27083A442BF8C06B0086B780 /* MockLaunchesService.swift in Sources */,
				27083A452BF8C06B0086B780 /* LaunchWebRepositoryTests.swift in Sources */,
				27083A462BF8C06B0086B780 /* FavoriteLaunchesServiceTests.swift in Sources */,
				27083A472BF8C06B0086B780 /* LaunchesListViewModels.swift in Sources */,
				27083A482BF8C06B0086B780 /* MockDataModels.swift in Sources */,
				27083A492BF8C06B0086B780 /* MockLaunchesWebRepository.swift in Sources */,
				27083A4A2BF8C06B0086B780 /* LaunchesServiceTests.swift in Sources */,
				276F70682BF8BCEF00B957C6 /* SpaceXLaunchesTests.swift in Sources */,
			);
			runOnlyForDeploymentPostprocessing = 0;
		};
		276F70692BF8BCEF00B957C6 /* Sources */ = {
			isa = PBXSourcesBuildPhase;
			buildActionMask = 2147483647;
			files = (
				276F70722BF8BCEF00B957C6 /* SpaceXLaunchesUITests.swift in Sources */,
				276F70742BF8BCEF00B957C6 /* SpaceXLaunchesUITestsLaunchTests.swift in Sources */,
			);
			runOnlyForDeploymentPostprocessing = 0;
		};
/* End PBXSourcesBuildPhase section */

/* Begin PBXTargetDependency section */
		276F70652BF8BCEF00B957C6 /* PBXTargetDependency */ = {
			isa = PBXTargetDependency;
			target = 276F70512BF8BCEE00B957C6 /* SpaceXLaunches */;
			targetProxy = 276F70642BF8BCEF00B957C6 /* PBXContainerItemProxy */;
		};
		276F706F2BF8BCEF00B957C6 /* PBXTargetDependency */ = {
			isa = PBXTargetDependency;
			target = 276F70512BF8BCEE00B957C6 /* SpaceXLaunches */;
			targetProxy = 276F706E2BF8BCEF00B957C6 /* PBXContainerItemProxy */;
		};
/* End PBXTargetDependency section */

/* Begin XCBuildConfiguration section */
		276F70752BF8BCEF00B957C6 /* Debug */ = {
			isa = XCBuildConfiguration;
			buildSettings = {
				ALWAYS_SEARCH_USER_PATHS = NO;
				ASSETCATALOG_COMPILER_GENERATE_SWIFT_ASSET_SYMBOL_EXTENSIONS = YES;
				CLANG_ANALYZER_NONNULL = YES;
				CLANG_ANALYZER_NUMBER_OBJECT_CONVERSION = YES_AGGRESSIVE;
				CLANG_CXX_LANGUAGE_STANDARD = "gnu++20";
				CLANG_ENABLE_MODULES = YES;
				CLANG_ENABLE_OBJC_ARC = YES;
				CLANG_ENABLE_OBJC_WEAK = YES;
				CLANG_WARN_BLOCK_CAPTURE_AUTORELEASING = YES;
				CLANG_WARN_BOOL_CONVERSION = YES;
				CLANG_WARN_COMMA = YES;
				CLANG_WARN_CONSTANT_CONVERSION = YES;
				CLANG_WARN_DEPRECATED_OBJC_IMPLEMENTATIONS = YES;
				CLANG_WARN_DIRECT_OBJC_ISA_USAGE = YES_ERROR;
				CLANG_WARN_DOCUMENTATION_COMMENTS = YES;
				CLANG_WARN_EMPTY_BODY = YES;
				CLANG_WARN_ENUM_CONVERSION = YES;
				CLANG_WARN_INFINITE_RECURSION = YES;
				CLANG_WARN_INT_CONVERSION = YES;
				CLANG_WARN_NON_LITERAL_NULL_CONVERSION = YES;
				CLANG_WARN_OBJC_IMPLICIT_RETAIN_SELF = YES;
				CLANG_WARN_OBJC_LITERAL_CONVERSION = YES;
				CLANG_WARN_OBJC_ROOT_CLASS = YES_ERROR;
				CLANG_WARN_QUOTED_INCLUDE_IN_FRAMEWORK_HEADER = YES;
				CLANG_WARN_RANGE_LOOP_ANALYSIS = YES;
				CLANG_WARN_STRICT_PROTOTYPES = YES;
				CLANG_WARN_SUSPICIOUS_MOVE = YES;
				CLANG_WARN_UNGUARDED_AVAILABILITY = YES_AGGRESSIVE;
				CLANG_WARN_UNREACHABLE_CODE = YES;
				CLANG_WARN__DUPLICATE_METHOD_MATCH = YES;
				COPY_PHASE_STRIP = NO;
				DEBUG_INFORMATION_FORMAT = dwarf;
				ENABLE_STRICT_OBJC_MSGSEND = YES;
				ENABLE_TESTABILITY = YES;
				ENABLE_USER_SCRIPT_SANDBOXING = YES;
				GCC_C_LANGUAGE_STANDARD = gnu17;
				GCC_DYNAMIC_NO_PIC = NO;
				GCC_NO_COMMON_BLOCKS = YES;
				GCC_OPTIMIZATION_LEVEL = 0;
				GCC_PREPROCESSOR_DEFINITIONS = (
					"DEBUG=1",
					"$(inherited)",
				);
				GCC_WARN_64_TO_32_BIT_CONVERSION = YES;
				GCC_WARN_ABOUT_RETURN_TYPE = YES_ERROR;
				GCC_WARN_UNDECLARED_SELECTOR = YES;
				GCC_WARN_UNINITIALIZED_AUTOS = YES_AGGRESSIVE;
				GCC_WARN_UNUSED_FUNCTION = YES;
				GCC_WARN_UNUSED_VARIABLE = YES;
				LOCALIZATION_PREFERS_STRING_CATALOGS = YES;
				MTL_ENABLE_DEBUG_INFO = INCLUDE_SOURCE;
				MTL_FAST_MATH = YES;
				ONLY_ACTIVE_ARCH = YES;
				SWIFT_ACTIVE_COMPILATION_CONDITIONS = "DEBUG $(inherited)";
				SWIFT_OPTIMIZATION_LEVEL = "-Onone";
			};
			name = Debug;
		};
		276F70762BF8BCEF00B957C6 /* Release */ = {
			isa = XCBuildConfiguration;
			buildSettings = {
				ALWAYS_SEARCH_USER_PATHS = NO;
				ASSETCATALOG_COMPILER_GENERATE_SWIFT_ASSET_SYMBOL_EXTENSIONS = YES;
				CLANG_ANALYZER_NONNULL = YES;
				CLANG_ANALYZER_NUMBER_OBJECT_CONVERSION = YES_AGGRESSIVE;
				CLANG_CXX_LANGUAGE_STANDARD = "gnu++20";
				CLANG_ENABLE_MODULES = YES;
				CLANG_ENABLE_OBJC_ARC = YES;
				CLANG_ENABLE_OBJC_WEAK = YES;
				CLANG_WARN_BLOCK_CAPTURE_AUTORELEASING = YES;
				CLANG_WARN_BOOL_CONVERSION = YES;
				CLANG_WARN_COMMA = YES;
				CLANG_WARN_CONSTANT_CONVERSION = YES;
				CLANG_WARN_DEPRECATED_OBJC_IMPLEMENTATIONS = YES;
				CLANG_WARN_DIRECT_OBJC_ISA_USAGE = YES_ERROR;
				CLANG_WARN_DOCUMENTATION_COMMENTS = YES;
				CLANG_WARN_EMPTY_BODY = YES;
				CLANG_WARN_ENUM_CONVERSION = YES;
				CLANG_WARN_INFINITE_RECURSION = YES;
				CLANG_WARN_INT_CONVERSION = YES;
				CLANG_WARN_NON_LITERAL_NULL_CONVERSION = YES;
				CLANG_WARN_OBJC_IMPLICIT_RETAIN_SELF = YES;
				CLANG_WARN_OBJC_LITERAL_CONVERSION = YES;
				CLANG_WARN_OBJC_ROOT_CLASS = YES_ERROR;
				CLANG_WARN_QUOTED_INCLUDE_IN_FRAMEWORK_HEADER = YES;
				CLANG_WARN_RANGE_LOOP_ANALYSIS = YES;
				CLANG_WARN_STRICT_PROTOTYPES = YES;
				CLANG_WARN_SUSPICIOUS_MOVE = YES;
				CLANG_WARN_UNGUARDED_AVAILABILITY = YES_AGGRESSIVE;
				CLANG_WARN_UNREACHABLE_CODE = YES;
				CLANG_WARN__DUPLICATE_METHOD_MATCH = YES;
				COPY_PHASE_STRIP = NO;
				DEBUG_INFORMATION_FORMAT = "dwarf-with-dsym";
				ENABLE_NS_ASSERTIONS = NO;
				ENABLE_STRICT_OBJC_MSGSEND = YES;
				ENABLE_USER_SCRIPT_SANDBOXING = YES;
				GCC_C_LANGUAGE_STANDARD = gnu17;
				GCC_NO_COMMON_BLOCKS = YES;
				GCC_WARN_64_TO_32_BIT_CONVERSION = YES;
				GCC_WARN_ABOUT_RETURN_TYPE = YES_ERROR;
				GCC_WARN_UNDECLARED_SELECTOR = YES;
				GCC_WARN_UNINITIALIZED_AUTOS = YES_AGGRESSIVE;
				GCC_WARN_UNUSED_FUNCTION = YES;
				GCC_WARN_UNUSED_VARIABLE = YES;
				LOCALIZATION_PREFERS_STRING_CATALOGS = YES;
				MTL_ENABLE_DEBUG_INFO = NO;
				MTL_FAST_MATH = YES;
				SWIFT_COMPILATION_MODE = wholemodule;
			};
			name = Release;
		};
		276F70782BF8BCEF00B957C6 /* Debug */ = {
			isa = XCBuildConfiguration;
			buildSettings = {
				ASSETCATALOG_COMPILER_APPICON_NAME = AppIcon;
				ASSETCATALOG_COMPILER_GLOBAL_ACCENT_COLOR_NAME = AccentColor;
				CODE_SIGN_ENTITLEMENTS = SpaceXLaunches/SpaceXLaunches.entitlements;
				CODE_SIGN_STYLE = Automatic;
				CURRENT_PROJECT_VERSION = 1;
				DEVELOPMENT_ASSET_PATHS = "\"SpaceXLaunches/Preview Content\"";
				DEVELOPMENT_TEAM = LRYM5ZTY97;
				ENABLE_HARDENED_RUNTIME = YES;
				ENABLE_PREVIEWS = YES;
				GENERATE_INFOPLIST_FILE = YES;
				"INFOPLIST_KEY_UIApplicationSceneManifest_Generation[sdk=iphoneos*]" = YES;
				"INFOPLIST_KEY_UIApplicationSceneManifest_Generation[sdk=iphonesimulator*]" = YES;
				"INFOPLIST_KEY_UIApplicationSupportsIndirectInputEvents[sdk=iphoneos*]" = YES;
				"INFOPLIST_KEY_UIApplicationSupportsIndirectInputEvents[sdk=iphonesimulator*]" = YES;
				"INFOPLIST_KEY_UILaunchScreen_Generation[sdk=iphoneos*]" = YES;
				"INFOPLIST_KEY_UILaunchScreen_Generation[sdk=iphonesimulator*]" = YES;
				"INFOPLIST_KEY_UIStatusBarStyle[sdk=iphoneos*]" = UIStatusBarStyleDefault;
				"INFOPLIST_KEY_UIStatusBarStyle[sdk=iphonesimulator*]" = UIStatusBarStyleDefault;
				INFOPLIST_KEY_UISupportedInterfaceOrientations_iPad = "UIInterfaceOrientationPortrait UIInterfaceOrientationPortraitUpsideDown UIInterfaceOrientationLandscapeLeft UIInterfaceOrientationLandscapeRight";
				INFOPLIST_KEY_UISupportedInterfaceOrientations_iPhone = "UIInterfaceOrientationPortrait UIInterfaceOrientationLandscapeLeft UIInterfaceOrientationLandscapeRight";
				IPHONEOS_DEPLOYMENT_TARGET = 16.0;
				LD_RUNPATH_SEARCH_PATHS = "@executable_path/Frameworks";
				"LD_RUNPATH_SEARCH_PATHS[sdk=macosx*]" = "@executable_path/../Frameworks";
				MACOSX_DEPLOYMENT_TARGET = 14.0;
				MARKETING_VERSION = 1.0;
				PRODUCT_BUNDLE_IDENTIFIER = com.Freelance.SpaceXLaunches;
				PRODUCT_NAME = "$(TARGET_NAME)";
				SDKROOT = auto;
				SUPPORTED_PLATFORMS = "iphoneos iphonesimulator macosx";
				SWIFT_EMIT_LOC_STRINGS = YES;
				SWIFT_VERSION = 5.0;
				TARGETED_DEVICE_FAMILY = "1,2";
			};
			name = Debug;
		};
		276F70792BF8BCEF00B957C6 /* Release */ = {
			isa = XCBuildConfiguration;
			buildSettings = {
				ASSETCATALOG_COMPILER_APPICON_NAME = AppIcon;
				ASSETCATALOG_COMPILER_GLOBAL_ACCENT_COLOR_NAME = AccentColor;
				CODE_SIGN_ENTITLEMENTS = SpaceXLaunches/SpaceXLaunches.entitlements;
				CODE_SIGN_STYLE = Automatic;
				CURRENT_PROJECT_VERSION = 1;
				DEVELOPMENT_ASSET_PATHS = "\"SpaceXLaunches/Preview Content\"";
				DEVELOPMENT_TEAM = LRYM5ZTY97;
				ENABLE_HARDENED_RUNTIME = YES;
				ENABLE_PREVIEWS = YES;
				GENERATE_INFOPLIST_FILE = YES;
				"INFOPLIST_KEY_UIApplicationSceneManifest_Generation[sdk=iphoneos*]" = YES;
				"INFOPLIST_KEY_UIApplicationSceneManifest_Generation[sdk=iphonesimulator*]" = YES;
				"INFOPLIST_KEY_UIApplicationSupportsIndirectInputEvents[sdk=iphoneos*]" = YES;
				"INFOPLIST_KEY_UIApplicationSupportsIndirectInputEvents[sdk=iphonesimulator*]" = YES;
				"INFOPLIST_KEY_UILaunchScreen_Generation[sdk=iphoneos*]" = YES;
				"INFOPLIST_KEY_UILaunchScreen_Generation[sdk=iphonesimulator*]" = YES;
				"INFOPLIST_KEY_UIStatusBarStyle[sdk=iphoneos*]" = UIStatusBarStyleDefault;
				"INFOPLIST_KEY_UIStatusBarStyle[sdk=iphonesimulator*]" = UIStatusBarStyleDefault;
				INFOPLIST_KEY_UISupportedInterfaceOrientations_iPad = "UIInterfaceOrientationPortrait UIInterfaceOrientationPortraitUpsideDown UIInterfaceOrientationLandscapeLeft UIInterfaceOrientationLandscapeRight";
				INFOPLIST_KEY_UISupportedInterfaceOrientations_iPhone = "UIInterfaceOrientationPortrait UIInterfaceOrientationLandscapeLeft UIInterfaceOrientationLandscapeRight";
				IPHONEOS_DEPLOYMENT_TARGET = 16.0;
				LD_RUNPATH_SEARCH_PATHS = "@executable_path/Frameworks";
				"LD_RUNPATH_SEARCH_PATHS[sdk=macosx*]" = "@executable_path/../Frameworks";
				MACOSX_DEPLOYMENT_TARGET = 14.0;
				MARKETING_VERSION = 1.0;
				PRODUCT_BUNDLE_IDENTIFIER = com.Freelance.SpaceXLaunches;
				PRODUCT_NAME = "$(TARGET_NAME)";
				SDKROOT = auto;
				SUPPORTED_PLATFORMS = "iphoneos iphonesimulator macosx";
				SWIFT_EMIT_LOC_STRINGS = YES;
				SWIFT_VERSION = 5.0;
				TARGETED_DEVICE_FAMILY = "1,2";
			};
			name = Release;
		};
		276F707B2BF8BCEF00B957C6 /* Debug */ = {
			isa = XCBuildConfiguration;
			buildSettings = {
				ALWAYS_EMBED_SWIFT_STANDARD_LIBRARIES = YES;
				BUNDLE_LOADER = "$(TEST_HOST)";
				CODE_SIGN_STYLE = Automatic;
				CURRENT_PROJECT_VERSION = 1;
				DEVELOPMENT_TEAM = LRYM5ZTY97;
				GENERATE_INFOPLIST_FILE = YES;
				IPHONEOS_DEPLOYMENT_TARGET = 17.4;
				MACOSX_DEPLOYMENT_TARGET = 14.4;
				MARKETING_VERSION = 1.0;
				PRODUCT_BUNDLE_IDENTIFIER = com.Freelance.SpaceXLaunchesTests;
				PRODUCT_NAME = "$(TARGET_NAME)";
				SDKROOT = auto;
				SUPPORTED_PLATFORMS = "iphoneos iphonesimulator macosx";
				SWIFT_EMIT_LOC_STRINGS = NO;
				SWIFT_VERSION = 5.0;
				TARGETED_DEVICE_FAMILY = "1,2";
				TEST_HOST = "$(BUILT_PRODUCTS_DIR)/SpaceXLaunches.app/$(BUNDLE_EXECUTABLE_FOLDER_PATH)/SpaceXLaunches";
			};
			name = Debug;
		};
		276F707C2BF8BCEF00B957C6 /* Release */ = {
			isa = XCBuildConfiguration;
			buildSettings = {
				ALWAYS_EMBED_SWIFT_STANDARD_LIBRARIES = YES;
				BUNDLE_LOADER = "$(TEST_HOST)";
				CODE_SIGN_STYLE = Automatic;
				CURRENT_PROJECT_VERSION = 1;
				DEVELOPMENT_TEAM = LRYM5ZTY97;
				GENERATE_INFOPLIST_FILE = YES;
				IPHONEOS_DEPLOYMENT_TARGET = 17.4;
				MACOSX_DEPLOYMENT_TARGET = 14.4;
				MARKETING_VERSION = 1.0;
				PRODUCT_BUNDLE_IDENTIFIER = com.Freelance.SpaceXLaunchesTests;
				PRODUCT_NAME = "$(TARGET_NAME)";
				SDKROOT = auto;
				SUPPORTED_PLATFORMS = "iphoneos iphonesimulator macosx";
				SWIFT_EMIT_LOC_STRINGS = NO;
				SWIFT_VERSION = 5.0;
				TARGETED_DEVICE_FAMILY = "1,2";
				TEST_HOST = "$(BUILT_PRODUCTS_DIR)/SpaceXLaunches.app/$(BUNDLE_EXECUTABLE_FOLDER_PATH)/SpaceXLaunches";
			};
			name = Release;
		};
		276F707E2BF8BCEF00B957C6 /* Debug */ = {
			isa = XCBuildConfiguration;
			buildSettings = {
				ALWAYS_EMBED_SWIFT_STANDARD_LIBRARIES = YES;
				CODE_SIGN_STYLE = Automatic;
				CURRENT_PROJECT_VERSION = 1;
				DEVELOPMENT_TEAM = LRYM5ZTY97;
				GENERATE_INFOPLIST_FILE = YES;
				IPHONEOS_DEPLOYMENT_TARGET = 17.4;
				MACOSX_DEPLOYMENT_TARGET = 14.4;
				MARKETING_VERSION = 1.0;
				PRODUCT_BUNDLE_IDENTIFIER = com.Freelance.SpaceXLaunchesUITests;
				PRODUCT_NAME = "$(TARGET_NAME)";
				SDKROOT = auto;
				SUPPORTED_PLATFORMS = "iphoneos iphonesimulator macosx";
				SWIFT_EMIT_LOC_STRINGS = NO;
				SWIFT_VERSION = 5.0;
				TARGETED_DEVICE_FAMILY = "1,2";
				TEST_TARGET_NAME = SpaceXLaunches;
			};
			name = Debug;
		};
		276F707F2BF8BCEF00B957C6 /* Release */ = {
			isa = XCBuildConfiguration;
			buildSettings = {
				ALWAYS_EMBED_SWIFT_STANDARD_LIBRARIES = YES;
				CODE_SIGN_STYLE = Automatic;
				CURRENT_PROJECT_VERSION = 1;
				DEVELOPMENT_TEAM = LRYM5ZTY97;
				GENERATE_INFOPLIST_FILE = YES;
				IPHONEOS_DEPLOYMENT_TARGET = 17.4;
				MACOSX_DEPLOYMENT_TARGET = 14.4;
				MARKETING_VERSION = 1.0;
				PRODUCT_BUNDLE_IDENTIFIER = com.Freelance.SpaceXLaunchesUITests;
				PRODUCT_NAME = "$(TARGET_NAME)";
				SDKROOT = auto;
				SUPPORTED_PLATFORMS = "iphoneos iphonesimulator macosx";
				SWIFT_EMIT_LOC_STRINGS = NO;
				SWIFT_VERSION = 5.0;
				TARGETED_DEVICE_FAMILY = "1,2";
				TEST_TARGET_NAME = SpaceXLaunches;
			};
			name = Release;
		};
/* End XCBuildConfiguration section */

/* Begin XCConfigurationList section */
		276F704D2BF8BCEE00B957C6 /* Build configuration list for PBXProject "SpaceXLaunches" */ = {
			isa = XCConfigurationList;
			buildConfigurations = (
				276F70752BF8BCEF00B957C6 /* Debug */,
				276F70762BF8BCEF00B957C6 /* Release */,
			);
			defaultConfigurationIsVisible = 0;
			defaultConfigurationName = Release;
		};
		276F70772BF8BCEF00B957C6 /* Build configuration list for PBXNativeTarget "SpaceXLaunches" */ = {
			isa = XCConfigurationList;
			buildConfigurations = (
				276F70782BF8BCEF00B957C6 /* Debug */,
				276F70792BF8BCEF00B957C6 /* Release */,
			);
			defaultConfigurationIsVisible = 0;
			defaultConfigurationName = Release;
		};
		276F707A2BF8BCEF00B957C6 /* Build configuration list for PBXNativeTarget "SpaceXLaunchesTests" */ = {
			isa = XCConfigurationList;
			buildConfigurations = (
				276F707B2BF8BCEF00B957C6 /* Debug */,
				276F707C2BF8BCEF00B957C6 /* Release */,
			);
			defaultConfigurationIsVisible = 0;
			defaultConfigurationName = Release;
		};
		276F707D2BF8BCEF00B957C6 /* Build configuration list for PBXNativeTarget "SpaceXLaunchesUITests" */ = {
			isa = XCConfigurationList;
			buildConfigurations = (
				276F707E2BF8BCEF00B957C6 /* Debug */,
				276F707F2BF8BCEF00B957C6 /* Release */,
			);
			defaultConfigurationIsVisible = 0;
			defaultConfigurationName = Release;
		};
/* End XCConfigurationList section */
	};
	rootObject = 276F704A2BF8BCEE00B957C6 /* Project object */;
}
